{
  "name": "pr-toolkit-extension",
  "lockfileVersion": 3,
  "requires": true,
  "packages": {
    "": {
      "name": "pr-toolkit-extension",
      "devDependencies": {
        "@hugeicons/core-free-icons": "^4.3.3"
      }
    },
    "node_modules/@hugeicons/core-free-icons": {
      "version": "4.3.3",
      "resolved": "https://registry.npmjs.org/@hugeicons/core-free-icons/-/core-free-icons-4.3.3.tgz",
      "integrity": "sha512-rpCPwJXhIjEKhMYb2AbNU6nS1HD2vXjeT65LL8SOaEHoN0cI57UTgnroU8q/TlocQQfnxeGz9C3KiyIausfzxg==",
      "dev": true,
      "license": "MIT"
    }
  }
}
